
Microsoft Visual Studio Solution File, Format Version 12.00
# Visual Studio Version 17
VisualStudioVersion = 17.3.32611.2
MinimumVisualStudioVersion = 10.0.40219.1
Project("{2150E333-8FDC-42A3-9474-1A3956D46DE8}") = "Client", "Client", "{EDDA5FD7-EFEB-4459-BA86-F680ACE3E85E}"
EndProject
Project("{2150E333-8FDC-42A3-9474-1A3956D46DE8}") = "Server", "Server", "{C253CA3E-3000-43AF-B9FA-93207712B185}"
EndProject
Project("{9A19103F-16F7-4668-BE54-9A1E7A4F7556}") = "Messenger.Server", "Messenger.Server\Messenger.Server.csproj", "{ED2E1FFD-9434-4734-A207-417376DD504E}"
EndProject
Project("{2150E333-8FDC-42A3-9474-1A3956D46DE8}") = "Domains", "Domains", "{C4B4FB10-6409-4B11-849A-B812DE72D450}"
EndProject
Project("{9A19103F-16F7-4668-BE54-9A1E7A4F7556}") = "Messenger.Domains", "Messenger.Domains\Messenger.Domains.csproj", "{0627B354-06CC-48BE-91DF-8EFD4567A03F}"
EndProject
Project("{FAE04EC0-301F-11D3-BF4B-00C04F79EFBC}") = "Messenger.Client", "Messenger.Client\Messenger.Client.csproj", "{DDD980BA-917E-4EB9-8134-0E0E73889A51}"
EndProject
Global
	GlobalSection(SolutionConfigurationPlatforms) = preSolution
		Debug|Any CPU = Debug|Any CPU
		Release|Any CPU = Release|Any CPU
	EndGlobalSection
	GlobalSection(ProjectConfigurationPlatforms) = postSolution
		{ED2E1FFD-9434-4734-A207-417376DD504E}.Debug|Any CPU.ActiveCfg = Debug|Any CPU
		{ED2E1FFD-9434-4734-A207-417376DD504E}.Debug|Any CPU.Build.0 = Debug|Any CPU
		{ED2E1FFD-9434-4734-A207-417376DD504E}.Release|Any CPU.ActiveCfg = Release|Any CPU
		{ED2E1FFD-9434-4734-A207-417376DD504E}.Release|Any CPU.Build.0 = Release|Any CPU
		{0627B354-06CC-48BE-91DF-8EFD4567A03F}.Debug|Any CPU.ActiveCfg = Debug|Any CPU
		{0627B354-06CC-48BE-91DF-8EFD4567A03F}.Debug|Any CPU.Build.0 = Debug|Any CPU
		{0627B354-06CC-48BE-91DF-8EFD4567A03F}.Release|Any CPU.ActiveCfg = Release|Any CPU
		{0627B354-06CC-48BE-91DF-8EFD4567A03F}.Release|Any CPU.Build.0 = Release|Any CPU
		{DDD980BA-917E-4EB9-8134-0E0E73889A51}.Debug|Any CPU.ActiveCfg = Debug|Any CPU
		{DDD980BA-917E-4EB9-8134-0E0E73889A51}.Debug|Any CPU.Build.0 = Debug|Any CPU
		{DDD980BA-917E-4EB9-8134-0E0E73889A51}.Debug|Any CPU.Deploy.0 = Debug|Any CPU
		{DDD980BA-917E-4EB9-8134-0E0E73889A51}.Release|Any CPU.ActiveCfg = Release|Any CPU
		{DDD980BA-917E-4EB9-8134-0E0E73889A51}.Release|Any CPU.Build.0 = Release|Any CPU
		{DDD980BA-917E-4EB9-8134-0E0E73889A51}.Release|Any CPU.Deploy.0 = Release|Any CPU
	EndGlobalSection
	GlobalSection(SolutionProperties) = preSolution
		HideSolutionNode = FALSE
	EndGlobalSection
	GlobalSection(NestedProjects) = preSolution
		{ED2E1FFD-9434-4734-A207-417376DD504E} = {C253CA3E-3000-43AF-B9FA-93207712B185}
		{0627B354-06CC-48BE-91DF-8EFD4567A03F} = {C4B4FB10-6409-4B11-849A-B812DE72D450}
		{DDD980BA-917E-4EB9-8134-0E0E73889A51} = {EDDA5FD7-EFEB-4459-BA86-F680ACE3E85E}
	EndGlobalSection
	GlobalSection(ExtensibilityGlobals) = postSolution
		SolutionGuid = {5D7E261D-F183-4920-9919-02380A3B5CB3}
	EndGlobalSection
EndGlobal
